// !$*UTF8*$!
{
	archiveVersion = 1;
	classes = {
	};
	objectVersion = 46;
	objects = {

/* Begin PBXBuildFile section */
		1E7C734D1E0AC97F009E5EE9 /* AppDelegate.swift in Sources */ = {isa = PBXBuildFile; fileRef = 1E7C734C1E0AC97F009E5EE9 /* AppDelegate.swift */; };
		1E7C734F1E0AC97F009E5EE9 /* ViewController.swift in Sources */ = {isa = PBXBuildFile; fileRef = 1E7C734E1E0AC97F009E5EE9 /* ViewController.swift */; };
		1E7C73521E0AC97F009E5EE9 /* Main.storyboard in Resources */ = {isa = PBXBuildFile; fileRef = 1E7C73501E0AC97F009E5EE9 /* Main.storyboard */; };
		1E7C73541E0AC97F009E5EE9 /* Assets.xcassets in Resources */ = {isa = PBXBuildFile; fileRef = 1E7C73531E0AC97F009E5EE9 /* Assets.xcassets */; };
		1E7C73571E0AC97F009E5EE9 /* LaunchScreen.storyboard in Resources */ = {isa = PBXBuildFile; fileRef = 1E7C73551E0AC97F009E5EE9 /* LaunchScreen.storyboard */; };
		1E7C73621E0AC97F009E5EE9 /* IntrinsicSizeDemoTests.swift in Sources */ = {isa = PBXBuildFile; fileRef = 1E7C73611E0AC97F009E5EE9 /* IntrinsicSizeDemoTests.swift */; };
		1E7C736D1E0AC97F009E5EE9 /* IntrinsicSizeDemoUITests.swift in Sources */ = {isa = PBXBuildFile; fileRef = 1E7C736C1E0AC97F009E5EE9 /* IntrinsicSizeDemoUITests.swift */; };
		1E7C737F1E0ACBC1009E5EE9 /* CustomView.xib in Resources */ = {isa = PBXBuildFile; fileRef = 1E7C737E1E0ACBC1009E5EE9 /* CustomView.xib */; };
		1E7C73811E0ACD35009E5EE9 /* CustomView.swift in Sources */ = {isa = PBXBuildFile; fileRef = 1E7C73801E0ACD35009E5EE9 /* CustomView.swift */; };
		1E7C73831E0ACDCA009E5EE9 /* UIView+Nib.swift in Sources */ = {isa = PBXBuildFile; fileRef = 1E7C73821E0ACDCA009E5EE9 /* UIView+Nib.swift */; };
/* End PBXBuildFile section */

/* Begin PBXContainerItemProxy section */
		1E7C735E1E0AC97F009E5EE9 /* PBXContainerItemProxy */ = {
			isa = PBXContainerItemProxy;
			containerPortal = 1E7C73411E0AC97F009E5EE9 /* Project object */;
			proxyType = 1;
			remoteGlobalIDString = 1E7C73481E0AC97F009E5EE9;
			remoteInfo = IntrinsicSizeDemo;
		};
		1E7C73691E0AC97F009E5EE9 /* PBXContainerItemProxy */ = {
			isa = PBXContainerItemProxy;
			containerPortal = 1E7C73411E0AC97F009E5EE9 /* Project object */;
			proxyType = 1;
			remoteGlobalIDString = 1E7C73481E0AC97F009E5EE9;
			remoteInfo = IntrinsicSizeDemo;
		};
/* End PBXContainerItemProxy section */

/* Begin PBXFileReference section */
		1E7C73491E0AC97F009E5EE9 /* IntrinsicSizeDemo.app */ = {isa = PBXFileReference; explicitFileType = wrapper.application; includeInIndex = 0; path = IntrinsicSizeDemo.app; sourceTree = BUILT_PRODUCTS_DIR; };
		1E7C734C1E0AC97F009E5EE9 /* AppDelegate.swift */ = {isa = PBXFileReference; lastKnownFileType = sourcecode.swift; lineEnding = 0; path = AppDelegate.swift; sourceTree = "<group>"; xcLanguageSpecificationIdentifier = xcode.lang.swift; };
		1E7C734E1E0AC97F009E5EE9 /* ViewController.swift */ = {isa = PBXFileReference; lastKnownFileType = sourcecode.swift; lineEnding = 0; path = ViewController.swift; sourceTree = "<group>"; xcLanguageSpecificationIdentifier = xcode.lang.swift; };
		1E7C73511E0AC97F009E5EE9 /* Base */ = {isa = PBXFileReference; lastKnownFileType = file.storyboard; name = Base; path = Base.lproj/Main.storyboard; sourceTree = "<group>"; };
		1E7C73531E0AC97F009E5EE9 /* Assets.xcassets */ = {isa = PBXFileReference; lastKnownFileType = folder.assetcatalog; path = Assets.xcassets; sourceTree = "<group>"; };
		1E7C73561E0AC97F009E5EE9 /* Base */ = {isa = PBXFileReference; lastKnownFileType = file.storyboard; name = Base; path = Base.lproj/LaunchScreen.storyboard; sourceTree = "<group>"; };
		1E7C73581E0AC97F009E5EE9 /* Info.plist */ = {isa = PBXFileReference; lastKnownFileType = text.plist.xml; path = Info.plist; sourceTree = "<group>"; };
		1E7C735D1E0AC97F009E5EE9 /* IntrinsicSizeDemoTests.xctest */ = {isa = PBXFileReference; explicitFileType = wrapper.cfbundle; includeInIndex = 0; path = IntrinsicSizeDemoTests.xctest; sourceTree = BUILT_PRODUCTS_DIR; };
		1E7C73611E0AC97F009E5EE9 /* IntrinsicSizeDemoTests.swift */ = {isa = PBXFileReference; lastKnownFileType = sourcecode.swift; lineEnding = 0; path = IntrinsicSizeDemoTests.swift; sourceTree = "<group>"; xcLanguageSpecificationIdentifier = xcode.lang.swift; };
		1E7C73631E0AC97F009E5EE9 /* Info.plist */ = {isa = PBXFileReference; lastKnownFileType = text.plist.xml; path = Info.plist; sourceTree = "<group>"; };
		1E7C73681E0AC97F009E5EE9 /* IntrinsicSizeDemoUITests.xctest */ = {isa = PBXFileReference; explicitFileType = wrapper.cfbundle; includeInIndex = 0; path = IntrinsicSizeDemoUITests.xctest; sourceTree = BUILT_PRODUCTS_DIR; };
		1E7C736C1E0AC97F009E5EE9 /* IntrinsicSizeDemoUITests.swift */ = {isa = PBXFileReference; lastKnownFileType = sourcecode.swift; lineEnding = 0; path = IntrinsicSizeDemoUITests.swift; sourceTree = "<group>"; xcLanguageSpecificationIdentifier = xcode.lang.swift; };
		1E7C736E1E0AC97F009E5EE9 /* Info.plist */ = {isa = PBXFileReference; lastKnownFileType = text.plist.xml; path = Info.plist; sourceTree = "<group>"; };
		1E7C737E1E0ACBC1009E5EE9 /* CustomView.xib */ = {isa = PBXFileReference; fileEncoding = 4; lastKnownFileType = file.xib; path = CustomView.xib; sourceTree = "<group>"; };
		1E7C73801E0ACD35009E5EE9 /* CustomView.swift */ = {isa = PBXFileReference; fileEncoding = 4; lastKnownFileType = sourcecode.swift; lineEnding = 0; path = CustomView.swift; sourceTree = "<group>"; xcLanguageSpecificationIdentifier = xcode.lang.swift; };
		1E7C73821E0ACDCA009E5EE9 /* UIView+Nib.swift */ = {isa = PBXFileReference; fileEncoding = 4; lastKnownFileType = sourcecode.swift; path = "UIView+Nib.swift"; sourceTree = "<group>"; };
/* End PBXFileReference section */

/* Begin PBXFrameworksBuildPhase section */
		1E7C73461E0AC97F009E5EE9 /* Frameworks */ = {
			isa = PBXFrameworksBuildPhase;
			buildActionMask = 2147483647;
			files = (
			);
			runOnlyForDeploymentPostprocessing = 0;
		};
		1E7C735A1E0AC97F009E5EE9 /* Frameworks */ = {
			isa = PBXFrameworksBuildPhase;
			buildActionMask = 2147483647;
			files = (
			);
			runOnlyForDeploymentPostprocessing = 0;
		};
		1E7C73651E0AC97F009E5EE9 /* Frameworks */ = {
			isa = PBXFrameworksBuildPhase;
			buildActionMask = 2147483647;
			files = (
			);
			runOnlyForDeploymentPostprocessing = 0;
		};
/* End PBXFrameworksBuildPhase section */

/* Begin PBXGroup section */
		1E7C73401E0AC97F009E5EE9 = {
			isa = PBXGroup;
			children = (
				1E7C734B1E0AC97F009E5EE9 /* IntrinsicSizeDemo */,
				1E7C73601E0AC97F009E5EE9 /* IntrinsicSizeDemoTests */,
				1E7C736B1E0AC97F009E5EE9 /* IntrinsicSizeDemoUITests */,
				1E7C734A1E0AC97F009E5EE9 /* Products */,
			);
			sourceTree = "<group>";
		};
		1E7C734A1E0AC97F009E5EE9 /* Products */ = {
			isa = PBXGroup;
			children = (
				1E7C73491E0AC97F009E5EE9 /* IntrinsicSizeDemo.app */,
				1E7C735D1E0AC97F009E5EE9 /* IntrinsicSizeDemoTests.xctest */,
				1E7C73681E0AC97F009E5EE9 /* IntrinsicSizeDemoUITests.xctest */,
			);
			name = Products;
			sourceTree = "<group>";
		};
		1E7C734B1E0AC97F009E5EE9 /* IntrinsicSizeDemo */ = {
			isa = PBXGroup;
			children = (
				1E7C73821E0ACDCA009E5EE9 /* UIView+Nib.swift */,
				1E7C73801E0ACD35009E5EE9 /* CustomView.swift */,
				1E7C737E1E0ACBC1009E5EE9 /* CustomView.xib */,
				1E7C73841E0ACDD8009E5EE9 /* Base */,
			);
			path = IntrinsicSizeDemo;
			sourceTree = "<group>";
		};
		1E7C73601E0AC97F009E5EE9 /* IntrinsicSizeDemoTests */ = {
			isa = PBXGroup;
			children = (
				1E7C73611E0AC97F009E5EE9 /* IntrinsicSizeDemoTests.swift */,
				1E7C73631E0AC97F009E5EE9 /* Info.plist */,
			);
			path = IntrinsicSizeDemoTests;
			sourceTree = "<group>";
		};
		1E7C736B1E0AC97F009E5EE9 /* IntrinsicSizeDemoUITests */ = {
			isa = PBXGroup;
			children = (
				1E7C736C1E0AC97F009E5EE9 /* IntrinsicSizeDemoUITests.swift */,
				1E7C736E1E0AC97F009E5EE9 /* Info.plist */,
			);
			path = IntrinsicSizeDemoUITests;
			sourceTree = "<group>";
		};
		1E7C73841E0ACDD8009E5EE9 /* Base */ = {
			isa = PBXGroup;
			children = (
				1E7C734C1E0AC97F009E5EE9 /* AppDelegate.swift */,
				1E7C734E1E0AC97F009E5EE9 /* ViewController.swift */,
				1E7C73501E0AC97F009E5EE9 /* Main.storyboard */,
				1E7C73531E0AC97F009E5EE9 /* Assets.xcassets */,
				1E7C73551E0AC97F009E5EE9 /* LaunchScreen.storyboard */,
				1E7C73581E0AC97F009E5EE9 /* Info.plist */,
			);
			name = Base;
			sourceTree = "<group>";
		};
/* End PBXGroup section */

/* Begin PBXNativeTarget section */
		1E7C73481E0AC97F009E5EE9 /* IntrinsicSizeDemo */ = {
			isa = PBXNativeTarget;
			buildConfigurationList = 1E7C73711E0AC97F009E5EE9 /* Build configuration list for PBXNativeTarget "IntrinsicSizeDemo" */;
			buildPhases = (
				1E7C73451E0AC97F009E5EE9 /* Sources */,
				1E7C73461E0AC97F009E5EE9 /* Frameworks */,
				1E7C73471E0AC97F009E5EE9 /* Resources */,
			);
			buildRules = (
			);
			dependencies = (
			);
			name = IntrinsicSizeDemo;
			productName = IntrinsicSizeDemo;
			productReference = 1E7C73491E0AC97F009E5EE9 /* IntrinsicSizeDemo.app */;
			productType = "com.apple.product-type.application";
		};
		1E7C735C1E0AC97F009E5EE9 /* IntrinsicSizeDemoTests */ = {
			isa = PBXNativeTarget;
			buildConfigurationList = 1E7C73741E0AC97F009E5EE9 /* Build configuration list for PBXNativeTarget "IntrinsicSizeDemoTests" */;
			buildPhases = (
				1E7C73591E0AC97F009E5EE9 /* Sources */,
				1E7C735A1E0AC97F009E5EE9 /* Frameworks */,
				1E7C735B1E0AC97F009E5EE9 /* Resources */,
			);
			buildRules = (
			);
			dependencies = (
				1E7C735F1E0AC97F009E5EE9 /* PBXTargetDependency */,
			);
			name = IntrinsicSizeDemoTests;
			productName = IntrinsicSizeDemoTests;
			productReference = 1E7C735D1E0AC97F009E5EE9 /* IntrinsicSizeDemoTests.xctest */;
			productType = "com.apple.product-type.bundle.unit-test";
		};
		1E7C73671E0AC97F009E5EE9 /* IntrinsicSizeDemoUITests */ = {
			isa = PBXNativeTarget;
			buildConfigurationList = 1E7C73771E0AC97F009E5EE9 /* Build configuration list for PBXNativeTarget "IntrinsicSizeDemoUITests" */;
			buildPhases = (
				1E7C73641E0AC97F009E5EE9 /* Sources */,
				1E7C73651E0AC97F009E5EE9 /* Frameworks */,
				1E7C73661E0AC97F009E5EE9 /* Resources */,
			);
			buildRules = (
			);
			dependencies = (
				1E7C736A1E0AC97F009E5EE9 /* PBXTargetDependency */,
			);
			name = IntrinsicSizeDemoUITests;
			productName = IntrinsicSizeDemoUITests;
			productReference = 1E7C73681E0AC97F009E5EE9 /* IntrinsicSizeDemoUITests.xctest */;
			productType = "com.apple.product-type.bundle.ui-testing";
		};
/* End PBXNativeTarget section */

/* Begin PBXProject section */
		1E7C73411E0AC97F009E5EE9 /* Project object */ = {
			isa = PBXProject;
			attributes = {
				LastSwiftUpdateCheck = 0820;
				LastUpgradeCheck = 0820;
				ORGANIZATIONNAME = Gaurav;
				TargetAttributes = {
					1E7C73481E0AC97F009E5EE9 = {
						CreatedOnToolsVersion = 8.2;
						DevelopmentTeam = 84P532SL7C;
						ProvisioningStyle = Automatic;
					};
					1E7C735C1E0AC97F009E5EE9 = {
						CreatedOnToolsVersion = 8.2;
						DevelopmentTeam = 84P532SL7C;
						ProvisioningStyle = Automatic;
						TestTargetID = 1E7C73481E0AC97F009E5EE9;
					};
					1E7C73671E0AC97F009E5EE9 = {
						CreatedOnToolsVersion = 8.2;
						DevelopmentTeam = 84P532SL7C;
						ProvisioningStyle = Automatic;
						TestTargetID = 1E7C73481E0AC97F009E5EE9;
					};
				};
			};
			buildConfigurationList = 1E7C73441E0AC97F009E5EE9 /* Build configuration list for PBXProject "IntrinsicSizeDemo" */;
			compatibilityVersion = "Xcode 3.2";
			developmentRegion = English;
			hasScannedForEncodings = 0;
			knownRegions = (
				en,
				Base,
			);
			mainGroup = 1E7C73401E0AC97F009E5EE9;
			productRefGroup = 1E7C734A1E0AC97F009E5EE9 /* Products */;
			projectDirPath = "";
			projectRoot = "";
			targets = (
				1E7C73481E0AC97F009E5EE9 /* IntrinsicSizeDemo */,
				1E7C735C1E0AC97F009E5EE9 /* IntrinsicSizeDemoTests */,
				1E7C73671E0AC97F009E5EE9 /* IntrinsicSizeDemoUITests */,
			);
		};
/* End PBXProject section */

/* Begin PBXResourcesBuildPhase section */
		1E7C73471E0AC97F009E5EE9 /* Resources */ = {
			isa = PBXResourcesBuildPhase;
			buildActionMask = 2147483647;
			files = (
				1E7C737F1E0ACBC1009E5EE9 /* CustomView.xib in Resources */,
				1E7C73571E0AC97F009E5EE9 /* LaunchScreen.storyboard in Resources */,
				1E7C73541E0AC97F009E5EE9 /* Assets.xcassets in Resources */,
				1E7C73521E0AC97F009E5EE9 /* Main.storyboard in Resources */,
			);
			runOnlyForDeploymentPostprocessing = 0;
		};
		1E7C735B1E0AC97F009E5EE9 /* Resources */ = {
			isa = PBXResourcesBuildPhase;
			buildActionMask = 2147483647;
			files = (
			);
			runOnlyForDeploymentPostprocessing = 0;
		};
		1E7C73661E0AC97F009E5EE9 /* Resources */ = {
			isa = PBXResourcesBuildPhase;
			buildActionMask = 2147483647;
			files = (
			);
			runOnlyForDeploymentPostprocessing = 0;
		};
/* End PBXResourcesBuildPhase section */

/* Begin PBXSourcesBuildPhase section */
		1E7C73451E0AC97F009E5EE9 /* Sources */ = {
			isa = PBXSourcesBuildPhase;
			buildActionMask = 2147483647;
			files = (
				1E7C73831E0ACDCA009E5EE9 /* UIView+Nib.swift in Sources */,
				1E7C73811E0ACD35009E5EE9 /* CustomView.swift in Sources */,
				1E7C734F1E0AC97F009E5EE9 /* ViewController.swift in Sources */,
				1E7C734D1E0AC97F009E5EE9 /* AppDelegate.swift in Sources */,
			);
			runOnlyForDeploymentPostprocessing = 0;
		};
		1E7C73591E0AC97F009E5EE9 /* Sources */ = {
			isa = PBXSourcesBuildPhase;
			buildActionMask = 2147483647;
			files = (
				1E7C73621E0AC97F009E5EE9 /* IntrinsicSizeDemoTests.swift in Sources */,
			);
			runOnlyForDeploymentPostprocessing = 0;
		};
		1E7C73641E0AC97F009E5EE9 /* Sources */ = {
			isa = PBXSourcesBuildPhase;
			buildActionMask = 2147483647;
			files = (
				1E7C736D1E0AC97F009E5EE9 /* IntrinsicSizeDemoUITests.swift in Sources */,
			);
			runOnlyForDeploymentPostprocessing = 0;
		};
/* End PBXSourcesBuildPhase section */

/* Begin PBXTargetDependency section */
		1E7C735F1E0AC97F009E5EE9 /* PBXTargetDependency */ = {
			isa = PBXTargetDependency;
			target = 1E7C73481E0AC97F009E5EE9 /* IntrinsicSizeDemo */;
			targetProxy = 1E7C735E1E0AC97F009E5EE9 /* PBXContainerItemProxy */;
		};
		1E7C736A1E0AC97F009E5EE9 /* PBXTargetDependency */ = {
			isa = PBXTargetDependency;
			target = 1E7C73481E0AC97F009E5EE9 /* IntrinsicSizeDemo */;
			targetProxy = 1E7C73691E0AC97F009E5EE9 /* PBXContainerItemProxy */;
		};
/* End PBXTargetDependency section */

/* Begin PBXVariantGroup section */
		1E7C73501E0AC97F009E5EE9 /* Main.storyboard */ = {
			isa = PBXVariantGroup;
			children = (
				1E7C73511E0AC97F009E5EE9 /* Base */,
			);
			name = Main.storyboard;
			sourceTree = "<group>";
		};
		1E7C73551E0AC97F009E5EE9 /* LaunchScreen.storyboard */ = {
			isa = PBXVariantGroup;
			children = (
				1E7C73561E0AC97F009E5EE9 /* Base */,
			);
			name = LaunchScreen.storyboard;
			sourceTree = "<group>";
		};
/* End PBXVariantGroup section */

/* Begin XCBuildConfiguration section */
		1E7C736F1E0AC97F009E5EE9 /* Debug */ = {
			isa = XCBuildConfiguration;
			buildSettings = {
				ALWAYS_SEARCH_USER_PATHS = NO;
				CLANG_ANALYZER_NONNULL = YES;
				CLANG_CXX_LANGUAGE_STANDARD = "gnu++0x";
				CLANG_CXX_LIBRARY = "libc++";
				CLANG_ENABLE_MODULES = YES;
				CLANG_ENABLE_OBJC_ARC = YES;
				CLANG_WARN_BOOL_CONVERSION = YES;
				CLANG_WARN_CONSTANT_CONVERSION = YES;
				CLANG_WARN_DIRECT_OBJC_ISA_USAGE = YES_ERROR;
				CLANG_WARN_DOCUMENTATION_COMMENTS = YES;
				CLANG_WARN_EMPTY_BODY = YES;
				CLANG_WARN_ENUM_CONVERSION = YES;
				CLANG_WARN_INFINITE_RECURSION = YES;
				CLANG_WARN_INT_CONVERSION = YES;
				CLANG_WARN_OBJC_ROOT_CLASS = YES_ERROR;
				CLANG_WARN_SUSPICIOUS_MOVE = YES;
				CLANG_WARN_UNREACHABLE_CODE = YES;
				CLANG_WARN__DUPLICATE_METHOD_MATCH = YES;
				"CODE_SIGN_IDENTITY[sdk=iphoneos*]" = "iPhone Developer";
				COPY_PHASE_STRIP = NO;
				DEBUG_INFORMATION_FORMAT = dwarf;
				ENABLE_STRICT_OBJC_MSGSEND = YES;
				ENABLE_TESTABILITY = YES;
				GCC_C_LANGUAGE_STANDARD = gnu99;
				GCC_DYNAMIC_NO_PIC = NO;
				GCC_NO_COMMON_BLOCKS = YES;
				GCC_OPTIMIZATION_LEVEL = 0;
				GCC_PREPROCESSOR_DEFINITIONS = (
					"DEBUG=1",
					"$(inherited)",
				);
				GCC_WARN_64_TO_32_BIT_CONVERSION = YES;
				GCC_WARN_ABOUT_RETURN_TYPE = YES_ERROR;
				GCC_WARN_UNDECLARED_SELECTOR = YES;
				GCC_WARN_UNINITIALIZED_AUTOS = YES_AGGRESSIVE;
				GCC_WARN_UNUSED_FUNCTION = YES;
				GCC_WARN_UNUSED_VARIABLE = YES;
				IPHONEOS_DEPLOYMENT_TARGET = 10.2;
				MTL_ENABLE_DEBUG_INFO = YES;
				ONLY_ACTIVE_ARCH = YES;
				SDKROOT = iphoneos;
				SWIFT_ACTIVE_COMPILATION_CONDITIONS = DEBUG;
				SWIFT_OPTIMIZATION_LEVEL = "-Onone";
				TARGETED_DEVICE_FAMILY = "1,2";
			};
			name = Debug;
		};
		1E7C73701E0AC97F009E5EE9 /* Release */ = {
			isa = XCBuildConfiguration;
			buildSettings = {
				ALWAYS_SEARCH_USER_PATHS = NO;
				CLANG_ANALYZER_NONNULL = YES;
				CLANG_CXX_LANGUAGE_STANDARD = "gnu++0x";
				CLANG_CXX_LIBRARY = "libc++";
				CLANG_ENABLE_MODULES = YES;
				CLANG_ENABLE_OBJC_ARC = YES;
				CLANG_WARN_BOOL_CONVERSION = YES;
				CLANG_WARN_CONSTANT_CONVERSION = YES;
				CLANG_WARN_DIRECT_OBJC_ISA_USAGE = YES_ERROR;
				CLANG_WARN_DOCUMENTATION_COMMENTS = YES;
				CLANG_WARN_EMPTY_BODY = YES;
				CLANG_WARN_ENUM_CONVERSION = YES;
				CLANG_WARN_INFINITE_RECURSION = YES;
				CLANG_WARN_INT_CONVERSION = YES;
				CLANG_WARN_OBJC_ROOT_CLASS = YES_ERROR;
				CLANG_WARN_SUSPICIOUS_MOVE = YES;
				CLANG_WARN_UNREACHABLE_CODE = YES;
				CLANG_WARN__DUPLICATE_METHOD_MATCH = YES;
				"CODE_SIGN_IDENTITY[sdk=iphoneos*]" = "iPhone Developer";
				COPY_PHASE_STRIP = NO;
				DEBUG_INFORMATION_FORMAT = "dwarf-with-dsym";
				ENABLE_NS_ASSERTIONS = NO;
				ENABLE_STRICT_OBJC_MSGSEND = YES;
				GCC_C_LANGUAGE_STANDARD = gnu99;
				GCC_NO_COMMON_BLOCKS = YES;
				GCC_WARN_64_TO_32_BIT_CONVERSION = YES;
				GCC_WARN_ABOUT_RETURN_TYPE = YES_ERROR;
				GCC_WARN_UNDECLARED_SELECTOR = YES;
				GCC_WARN_UNINITIALIZED_AUTOS = YES_AGGRESSIVE;
				GCC_WARN_UNUSED_FUNCTION = YES;
				GCC_WARN_UNUSED_VARIABLE = YES;
				IPHONEOS_DEPLOYMENT_TARGET = 10.2;
				MTL_ENABLE_DEBUG_INFO = NO;
				SDKROOT = iphoneos;
				SWIFT_OPTIMIZATION_LEVEL = "-Owholemodule";
				TARGETED_DEVICE_FAMILY = "1,2";
				VALIDATE_PRODUCT = YES;
			};
			name = Release;
		};
		1E7C73721E0AC97F009E5EE9 /* Debug */ = {
			isa = XCBuildConfiguration;
			buildSettings = {
				ASSETCATALOG_COMPILER_APPICON_NAME = AppIcon;
				DEVELOPMENT_TEAM = 84P532SL7C;
				INFOPLIST_FILE = IntrinsicSizeDemo/Info.plist;
				LD_RUNPATH_SEARCH_PATHS = "$(inherited) @executable_path/Frameworks";
				PRODUCT_BUNDLE_IDENTIFIER = Gaurav.IntrinsicSizeDemo;
				PRODUCT_NAME = "$(TARGET_NAME)";
				SWIFT_VERSION = 3.0;
			};
			name = Debug;
		};
		1E7C73731E0AC97F009E5EE9 /* Release */ = {
			isa = XCBuildConfiguration;
			buildSettings = {
				ASSETCATALOG_COMPILER_APPICON_NAME = AppIcon;
				DEVELOPMENT_TEAM = 84P532SL7C;
				INFOPLIST_FILE = IntrinsicSizeDemo/Info.plist;
				LD_RUNPATH_SEARCH_PATHS = "$(inherited) @executable_path/Frameworks";
				PRODUCT_BUNDLE_IDENTIFIER = Gaurav.IntrinsicSizeDemo;
				PRODUCT_NAME = "$(TARGET_NAME)";
				SWIFT_VERSION = 3.0;
			};
			name = Release;
		};
		1E7C73751E0AC97F009E5EE9 /* Debug */ = {
			isa = XCBuildConfiguration;
			buildSettings = {
				ALWAYS_EMBED_SWIFT_STANDARD_LIBRARIES = YES;
				BUNDLE_LOADER = "$(TEST_HOST)";
				DEVELOPMENT_TEAM = 84P532SL7C;
				INFOPLIST_FILE = IntrinsicSizeDemoTests/Info.plist;
				LD_RUNPATH_SEARCH_PATHS = "$(inherited) @executable_path/Frameworks @loader_path/Frameworks";
				PRODUCT_BUNDLE_IDENTIFIER = Gaurav.IntrinsicSizeDemoTests;
				PRODUCT_NAME = "$(TARGET_NAME)";
				SWIFT_VERSION = 3.0;
				TEST_HOST = "$(BUILT_PRODUCTS_DIR)/IntrinsicSizeDemo.app/IntrinsicSizeDemo";
			};
			name = Debug;
		};
		1E7C73761E0AC97F009E5EE9 /* Release */ = {
			isa = XCBuildConfiguration;
			buildSettings = {
				ALWAYS_EMBED_SWIFT_STANDARD_LIBRARIES = YES;
				BUNDLE_LOADER = "$(TEST_HOST)";
				DEVELOPMENT_TEAM = 84P532SL7C;
				INFOPLIST_FILE = IntrinsicSizeDemoTests/Info.plist;
				LD_RUNPATH_SEARCH_PATHS = "$(inherited) @executable_path/Frameworks @loader_path/Frameworks";
				PRODUCT_BUNDLE_IDENTIFIER = Gaurav.IntrinsicSizeDemoTests;
				PRODUCT_NAME = "$(TARGET_NAME)";
				SWIFT_VERSION = 3.0;
				TEST_HOST = "$(BUILT_PRODUCTS_DIR)/IntrinsicSizeDemo.app/IntrinsicSizeDemo";
			};
			name = Release;
		};
		1E7C73781E0AC97F009E5EE9 /* Debug */ = {
			isa = XCBuildConfiguration;
			buildSettings = {
				ALWAYS_EMBED_SWIFT_STANDARD_LIBRARIES = YES;
				DEVELOPMENT_TEAM = 84P532SL7C;
				INFOPLIST_FILE = IntrinsicSizeDemoUITests/Info.plist;
				LD_RUNPATH_SEARCH_PATHS = "$(inherited) @executable_path/Frameworks @loader_path/Frameworks";
				PRODUCT_BUNDLE_IDENTIFIER = Gaurav.IntrinsicSizeDemoUITests;
				PRODUCT_NAME = "$(TARGET_NAME)";
				SWIFT_VERSION = 3.0;
				TEST_TARGET_NAME = IntrinsicSizeDemo;
			};
			name = Debug;
		};
		1E7C73791E0AC97F009E5EE9 /* Release */ = {
			isa = XCBuildConfiguration;
			buildSettings = {
				ALWAYS_EMBED_SWIFT_STANDARD_LIBRARIES = YES;
				DEVELOPMENT_TEAM = 84P532SL7C;
				INFOPLIST_FILE = IntrinsicSizeDemoUITests/Info.plist;
				LD_RUNPATH_SEARCH_PATHS = "$(inherited) @executable_path/Frameworks @loader_path/Frameworks";
				PRODUCT_BUNDLE_IDENTIFIER = Gaurav.IntrinsicSizeDemoUITests;
				PRODUCT_NAME = "$(TARGET_NAME)";
				SWIFT_VERSION = 3.0;
				TEST_TARGET_NAME = IntrinsicSizeDemo;
			};
			name = Release;
		};
/* End XCBuildConfiguration section */

/* Begin XCConfigurationList section */
		1E7C73441E0AC97F009E5EE9 /* Build configuration list for PBXProject "IntrinsicSizeDemo" */ = {
			isa = XCConfigurationList;
			buildConfigurations = (
				1E7C736F1E0AC97F009E5EE9 /* Debug */,
				1E7C73701E0AC97F009E5EE9 /* Release */,
			);
			defaultConfigurationIsVisible = 0;
			defaultConfigurationName = Release;
		};
		1E7C73711E0AC97F009E5EE9 /* Build configuration list for PBXNativeTarget "IntrinsicSizeDemo" */ = {
			isa = XCConfigurationList;
			buildConfigurations = (
				1E7C73721E0AC97F009E5EE9 /* Debug */,
				1E7C73731E0AC97F009E5EE9 /* Release */,
			);
			defaultConfigurationIsVisible = 0;
			defaultConfigurationName = Release;
		};
		1E7C73741E0AC97F009E5EE9 /* Build configuration list for PBXNativeTarget "IntrinsicSizeDemoTests" */ = {
			isa = XCConfigurationList;
			buildConfigurations = (
				1E7C73751E0AC97F009E5EE9 /* Debug */,
				1E7C73761E0AC97F009E5EE9 /* Release */,
			);
			defaultConfigurationIsVisible = 0;
			defaultConfigurationName = Release;
		};
		1E7C73771E0AC97F009E5EE9 /* Build configuration list for PBXNativeTarget "IntrinsicSizeDemoUITests" */ = {
			isa = XCConfigurationList;
			buildConfigurations = (
				1E7C73781E0AC97F009E5EE9 /* Debug */,
				1E7C73791E0AC97F009E5EE9 /* Release */,
			);
			defaultConfigurationIsVisible = 0;
			defaultConfigurationName = Release;
		};
/* End XCConfigurationList section */
	};
	rootObject = 1E7C73411E0AC97F009E5EE9 /* Project object */;
}
